
Microsoft Visual Studio Solution File, Format Version 12.00
# Visual Studio Version 16
VisualStudioVersion = 16.0.30709.132
MinimumVisualStudioVersion = 10.0.40219.1
Project("{2150E333-8FDC-42A3-9474-1A3956D46DE8}") = "src", "src", "{8A3FE750-3E88-4F9C-9D64-1A898A5594BA}"
EndProject
Project("{2150E333-8FDC-42A3-9474-1A3956D46DE8}") = "test", "test", "{D64437AA-ECF3-4E18-9E48-56DAB8F502C1}"
EndProject
Project("{9A19103F-16F7-4668-BE54-9A1E7A4F7556}") = "Daany.MathStuff", "src\daany.mathstuff\Daany.MathStuff.csproj", "{C43DA1C1-045A-49D4-9928-479C14CA1783}"
EndProject
Project("{9A19103F-16F7-4668-BE54-9A1E7A4F7556}") = "Daany.DataFrame", "src\daany.df\Daany.DataFrame.csproj", "{C6DB70E3-2502-4750-A379-8EE6433E8FD5}"
EndProject
Project("{9A19103F-16F7-4668-BE54-9A1E7A4F7556}") = "Daany.DataFrame.Ext", "src\daany.ext\Daany.DataFrame.Ext.csproj", "{B36E18B0-9CAB-4CC3-95D3-EA7F844658BD}"
EndProject
Project("{9A19103F-16F7-4668-BE54-9A1E7A4F7556}") = "Daany.Stat", "src\daany.stat\Daany.Stat.csproj", "{3C64E569-F114-4248-8F2A-8D6DED36D1EE}"
EndProject
Project("{9A19103F-16F7-4668-BE54-9A1E7A4F7556}") = "Daany.LinA", "src\daany.lina\Daany.LinA.csproj", "{C516BF6A-EF21-4ECA-A84A-B47E2FDEA5D0}"
EndProject
Project("{9A19103F-16F7-4668-BE54-9A1E7A4F7556}") = "XUnit.Linux.Test", "test\XUnit.LinuxTest\XUnit.Linux.Test.csproj", "{E3E067CE-D31C-4DBE-888C-EA0DDD958401}"
EndProject
Global
	GlobalSection(SolutionConfigurationPlatforms) = preSolution
		Debug|Any CPU = Debug|Any CPU
		Debug|x64 = Debug|x64
		Release|Any CPU = Release|Any CPU
		Release|x64 = Release|x64
	EndGlobalSection
	GlobalSection(ProjectConfigurationPlatforms) = postSolution
		{C43DA1C1-045A-49D4-9928-479C14CA1783}.Debug|Any CPU.ActiveCfg = Debug|Any CPU
		{C43DA1C1-045A-49D4-9928-479C14CA1783}.Debug|Any CPU.Build.0 = Debug|Any CPU
		{C43DA1C1-045A-49D4-9928-479C14CA1783}.Debug|x64.ActiveCfg = Debug|x64
		{C43DA1C1-045A-49D4-9928-479C14CA1783}.Debug|x64.Build.0 = Debug|x64
		{C43DA1C1-045A-49D4-9928-479C14CA1783}.Release|Any CPU.ActiveCfg = Release|Any CPU
		{C43DA1C1-045A-49D4-9928-479C14CA1783}.Release|Any CPU.Build.0 = Release|Any CPU
		{C43DA1C1-045A-49D4-9928-479C14CA1783}.Release|x64.ActiveCfg = Release|x64
		{C43DA1C1-045A-49D4-9928-479C14CA1783}.Release|x64.Build.0 = Release|x64
		{C6DB70E3-2502-4750-A379-8EE6433E8FD5}.Debug|Any CPU.ActiveCfg = Debug|Any CPU
		{C6DB70E3-2502-4750-A379-8EE6433E8FD5}.Debug|Any CPU.Build.0 = Debug|Any CPU
		{C6DB70E3-2502-4750-A379-8EE6433E8FD5}.Debug|x64.ActiveCfg = Debug|x64
		{C6DB70E3-2502-4750-A379-8EE6433E8FD5}.Debug|x64.Build.0 = Debug|x64
		{C6DB70E3-2502-4750-A379-8EE6433E8FD5}.Release|Any CPU.ActiveCfg = Release|Any CPU
		{C6DB70E3-2502-4750-A379-8EE6433E8FD5}.Release|Any CPU.Build.0 = Release|Any CPU
		{C6DB70E3-2502-4750-A379-8EE6433E8FD5}.Release|x64.ActiveCfg = Release|x64
		{C6DB70E3-2502-4750-A379-8EE6433E8FD5}.Release|x64.Build.0 = Release|x64
		{B36E18B0-9CAB-4CC3-95D3-EA7F844658BD}.Debug|Any CPU.ActiveCfg = Debug|Any CPU
		{B36E18B0-9CAB-4CC3-95D3-EA7F844658BD}.Debug|Any CPU.Build.0 = Debug|Any CPU
		{B36E18B0-9CAB-4CC3-95D3-EA7F844658BD}.Debug|x64.ActiveCfg = Debug|x64
		{B36E18B0-9CAB-4CC3-95D3-EA7F844658BD}.Debug|x64.Build.0 = Debug|x64
		{B36E18B0-9CAB-4CC3-95D3-EA7F844658BD}.Release|Any CPU.ActiveCfg = Release|Any CPU
		{B36E18B0-9CAB-4CC3-95D3-EA7F844658BD}.Release|Any CPU.Build.0 = Release|Any CPU
		{B36E18B0-9CAB-4CC3-95D3-EA7F844658BD}.Release|x64.ActiveCfg = Release|x64
		{B36E18B0-9CAB-4CC3-95D3-EA7F844658BD}.Release|x64.Build.0 = Release|x64
		{3C64E569-F114-4248-8F2A-8D6DED36D1EE}.Debug|Any CPU.ActiveCfg = Debug|Any CPU
		{3C64E569-F114-4248-8F2A-8D6DED36D1EE}.Debug|Any CPU.Build.0 = Debug|Any CPU
		{3C64E569-F114-4248-8F2A-8D6DED36D1EE}.Debug|x64.ActiveCfg = Debug|x64
		{3C64E569-F114-4248-8F2A-8D6DED36D1EE}.Debug|x64.Build.0 = Debug|x64
		{3C64E569-F114-4248-8F2A-8D6DED36D1EE}.Release|Any CPU.ActiveCfg = Release|Any CPU
		{3C64E569-F114-4248-8F2A-8D6DED36D1EE}.Release|Any CPU.Build.0 = Release|Any CPU
		{3C64E569-F114-4248-8F2A-8D6DED36D1EE}.Release|x64.ActiveCfg = Release|x64
		{3C64E569-F114-4248-8F2A-8D6DED36D1EE}.Release|x64.Build.0 = Release|x64
		{C516BF6A-EF21-4ECA-A84A-B47E2FDEA5D0}.Debug|Any CPU.ActiveCfg = Debug|Any CPU
		{C516BF6A-EF21-4ECA-A84A-B47E2FDEA5D0}.Debug|Any CPU.Build.0 = Debug|Any CPU
		{C516BF6A-EF21-4ECA-A84A-B47E2FDEA5D0}.Debug|x64.ActiveCfg = Debug|x64
		{C516BF6A-EF21-4ECA-A84A-B47E2FDEA5D0}.Debug|x64.Build.0 = Debug|x64
		{C516BF6A-EF21-4ECA-A84A-B47E2FDEA5D0}.Release|Any CPU.ActiveCfg = Release|Any CPU
		{C516BF6A-EF21-4ECA-A84A-B47E2FDEA5D0}.Release|Any CPU.Build.0 = Release|Any CPU
		{C516BF6A-EF21-4ECA-A84A-B47E2FDEA5D0}.Release|x64.ActiveCfg = Release|x64
		{C516BF6A-EF21-4ECA-A84A-B47E2FDEA5D0}.Release|x64.Build.0 = Release|x64
		{E3E067CE-D31C-4DBE-888C-EA0DDD958401}.Debug|Any CPU.ActiveCfg = Debug|Any CPU
		{E3E067CE-D31C-4DBE-888C-EA0DDD958401}.Debug|Any CPU.Build.0 = Debug|Any CPU
		{E3E067CE-D31C-4DBE-888C-EA0DDD958401}.Debug|x64.ActiveCfg = Debug|x64
		{E3E067CE-D31C-4DBE-888C-EA0DDD958401}.Debug|x64.Build.0 = Debug|x64
		{E3E067CE-D31C-4DBE-888C-EA0DDD958401}.Release|Any CPU.ActiveCfg = Release|Any CPU
		{E3E067CE-D31C-4DBE-888C-EA0DDD958401}.Release|Any CPU.Build.0 = Release|Any CPU
		{E3E067CE-D31C-4DBE-888C-EA0DDD958401}.Release|x64.ActiveCfg = Release|x64
		{E3E067CE-D31C-4DBE-888C-EA0DDD958401}.Release|x64.Build.0 = Release|x64
	EndGlobalSection
	GlobalSection(SolutionProperties) = preSolution
		HideSolutionNode = FALSE
	EndGlobalSection
	GlobalSection(NestedProjects) = preSolution
		{C43DA1C1-045A-49D4-9928-479C14CA1783} = {8A3FE750-3E88-4F9C-9D64-1A898A5594BA}
		{C6DB70E3-2502-4750-A379-8EE6433E8FD5} = {8A3FE750-3E88-4F9C-9D64-1A898A5594BA}
		{B36E18B0-9CAB-4CC3-95D3-EA7F844658BD} = {8A3FE750-3E88-4F9C-9D64-1A898A5594BA}
		{3C64E569-F114-4248-8F2A-8D6DED36D1EE} = {8A3FE750-3E88-4F9C-9D64-1A898A5594BA}
		{C516BF6A-EF21-4ECA-A84A-B47E2FDEA5D0} = {8A3FE750-3E88-4F9C-9D64-1A898A5594BA}
		{E3E067CE-D31C-4DBE-888C-EA0DDD958401} = {D64437AA-ECF3-4E18-9E48-56DAB8F502C1}
	EndGlobalSection
	GlobalSection(ExtensibilityGlobals) = postSolution
		SolutionGuid = {7C0DFC3F-C98A-4DBF-9367-CCF43459E3A5}
	EndGlobalSection
EndGlobal
